
Microsoft Visual Studio Solution File, Format Version 12.00
# Visual Studio 15
VisualStudioVersion = 15.0.27703.2026
MinimumVisualStudioVersion = 10.0.40219.1
Project("{9A19103F-16F7-4668-BE54-9A1E7A4F7556}") = "data-seed", "data-seed\data-seed.csproj", "{D52B01C1-00E8-46D7-912B-297BCF518EDE}"
EndProject
Project("{FAE04EC0-301F-11D3-BF4B-00C04F79EFBC}") = "core", "core\core.csproj", "{933055B7-0145-49A8-B680-DF19A2C6064B}"
EndProject
Project("{FAE04EC0-301F-11D3-BF4B-00C04F79EFBC}") = "lazy-loading", "lazy-loading\lazy-loading.csproj", "{7D33A592-FA39-4C2D-9548-64EA90A0BEED}"
EndProject
Project("{FAE04EC0-301F-11D3-BF4B-00C04F79EFBC}") = "value-conversion", "value-conversion\value-conversion.csproj", "{43308B3F-E5A9-4DE0-B9DF-2FFFB0194EEE}"
EndProject
Project("{FAE04EC0-301F-11D3-BF4B-00C04F79EFBC}") = "query-types", "query-types\query-types.csproj", "{D6DAF84F-D2B6-487A-A197-382E55A9BABA}"
EndProject
Global
	GlobalSection(SolutionConfigurationPlatforms) = preSolution
		Debug|Any CPU = Debug|Any CPU
		Release|Any CPU = Release|Any CPU
	EndGlobalSection
	GlobalSection(ProjectConfigurationPlatforms) = postSolution
		{D52B01C1-00E8-46D7-912B-297BCF518EDE}.Debug|Any CPU.ActiveCfg = Debug|Any CPU
		{D52B01C1-00E8-46D7-912B-297BCF518EDE}.Debug|Any CPU.Build.0 = Debug|Any CPU
		{D52B01C1-00E8-46D7-912B-297BCF518EDE}.Release|Any CPU.ActiveCfg = Release|Any CPU
		{D52B01C1-00E8-46D7-912B-297BCF518EDE}.Release|Any CPU.Build.0 = Release|Any CPU
		{933055B7-0145-49A8-B680-DF19A2C6064B}.Debug|Any CPU.ActiveCfg = Debug|Any CPU
		{933055B7-0145-49A8-B680-DF19A2C6064B}.Debug|Any CPU.Build.0 = Debug|Any CPU
		{933055B7-0145-49A8-B680-DF19A2C6064B}.Release|Any CPU.ActiveCfg = Release|Any CPU
		{933055B7-0145-49A8-B680-DF19A2C6064B}.Release|Any CPU.Build.0 = Release|Any CPU
		{7D33A592-FA39-4C2D-9548-64EA90A0BEED}.Debug|Any CPU.ActiveCfg = Debug|Any CPU
		{7D33A592-FA39-4C2D-9548-64EA90A0BEED}.Debug|Any CPU.Build.0 = Debug|Any CPU
		{7D33A592-FA39-4C2D-9548-64EA90A0BEED}.Release|Any CPU.ActiveCfg = Release|Any CPU
		{7D33A592-FA39-4C2D-9548-64EA90A0BEED}.Release|Any CPU.Build.0 = Release|Any CPU
		{43308B3F-E5A9-4DE0-B9DF-2FFFB0194EEE}.Debug|Any CPU.ActiveCfg = Debug|Any CPU
		{43308B3F-E5A9-4DE0-B9DF-2FFFB0194EEE}.Debug|Any CPU.Build.0 = Debug|Any CPU
		{43308B3F-E5A9-4DE0-B9DF-2FFFB0194EEE}.Release|Any CPU.ActiveCfg = Release|Any CPU
		{43308B3F-E5A9-4DE0-B9DF-2FFFB0194EEE}.Release|Any CPU.Build.0 = Release|Any CPU
		{D6DAF84F-D2B6-487A-A197-382E55A9BABA}.Debug|Any CPU.ActiveCfg = Debug|Any CPU
		{D6DAF84F-D2B6-487A-A197-382E55A9BABA}.Debug|Any CPU.Build.0 = Debug|Any CPU
		{D6DAF84F-D2B6-487A-A197-382E55A9BABA}.Release|Any CPU.ActiveCfg = Release|Any CPU
		{D6DAF84F-D2B6-487A-A197-382E55A9BABA}.Release|Any CPU.Build.0 = Release|Any CPU
	EndGlobalSection
	GlobalSection(SolutionProperties) = preSolution
		HideSolutionNode = FALSE
	EndGlobalSection
	GlobalSection(ExtensibilityGlobals) = postSolution
		SolutionGuid = {FC42BEAB-1641-4C9C-8D4A-553E51D44276}
	EndGlobalSection
EndGlobal
